
Microsoft Visual Studio Solution File, Format Version 12.00
# Visual Studio Version 17
VisualStudioVersion = 17.12.35707.178 d17.12
MinimumVisualStudioVersion = 10.0.40219.1
Project("{FAE04EC0-301F-11D3-BF4B-00C04F79EFBC}") = "Task6", "Task6\Task6.csproj", "{EB53233D-1288-47E9-8B65-8B7377CA3B0F}"
EndProject
Global
	GlobalSection(SolutionConfigurationPlatforms) = preSolution
		Debug|Any CPU = Debug|Any CPU
		Release|Any CPU = Release|Any CPU
	EndGlobalSection
	GlobalSection(ProjectConfigurationPlatforms) = postSolution
		{EB53233D-1288-47E9-8B65-8B7377CA3B0F}.Debug|Any CPU.ActiveCfg = Debug|Any CPU
		{EB53233D-1288-47E9-8B65-8B7377CA3B0F}.Debug|Any CPU.Build.0 = Debug|Any CPU
		{EB53233D-1288-47E9-8B65-8B7377CA3B0F}.Release|Any CPU.ActiveCfg = Release|Any CPU
		{EB53233D-1288-47E9-8B65-8B7377CA3B0F}.Release|Any CPU.Build.0 = Release|Any CPU
	EndGlobalSection
	GlobalSection(SolutionProperties) = preSolution
		HideSolutionNode = FALSE
	EndGlobalSection
EndGlobal
